
Microsoft Visual Studio Solution File, Format Version 12.00
# Visual Studio Version 17
VisualStudioVersion = 17.7.34031.279
MinimumVisualStudioVersion = 10.0.40219.1
Project("{9A19103F-16F7-4668-BE54-9A1E7A4F7556}") = "ContasBancarias", "FichaRevisoes\ContasBancarias.csproj", "{49652FAF-F389-4815-873C-3AAF4958739C}"
EndProject
Project("{9A19103F-16F7-4668-BE54-9A1E7A4F7556}") = "Espetaculos", "Espetaculos\Espetaculos.csproj", "{8CD8A858-178F-4527-AAA2-D67EC9246C81}"
EndProject
Project("{FAE04EC0-301F-11D3-BF4B-00C04F79EFBC}") = "Xadrez", "Xadrez\Xadrez.csproj", "{278AF28F-9E96-4E92-AB77-C72A4D7DC72F}"
EndProject
Global
	GlobalSection(SolutionConfigurationPlatforms) = preSolution
		Debug|Any CPU = Debug|Any CPU
		Release|Any CPU = Release|Any CPU
	EndGlobalSection
	GlobalSection(ProjectConfigurationPlatforms) = postSolution
		{49652FAF-F389-4815-873C-3AAF4958739C}.Debug|Any CPU.ActiveCfg = Debug|Any CPU
		{49652FAF-F389-4815-873C-3AAF4958739C}.Debug|Any CPU.Build.0 = Debug|Any CPU
		{49652FAF-F389-4815-873C-3AAF4958739C}.Release|Any CPU.ActiveCfg = Release|Any CPU
		{49652FAF-F389-4815-873C-3AAF4958739C}.Release|Any CPU.Build.0 = Release|Any CPU
		{8CD8A858-178F-4527-AAA2-D67EC9246C81}.Debug|Any CPU.ActiveCfg = Debug|Any CPU
		{8CD8A858-178F-4527-AAA2-D67EC9246C81}.Debug|Any CPU.Build.0 = Debug|Any CPU
		{8CD8A858-178F-4527-AAA2-D67EC9246C81}.Release|Any CPU.ActiveCfg = Release|Any CPU
		{8CD8A858-178F-4527-AAA2-D67EC9246C81}.Release|Any CPU.Build.0 = Release|Any CPU
		{278AF28F-9E96-4E92-AB77-C72A4D7DC72F}.Debug|Any CPU.ActiveCfg = Debug|Any CPU
		{278AF28F-9E96-4E92-AB77-C72A4D7DC72F}.Debug|Any CPU.Build.0 = Debug|Any CPU
		{278AF28F-9E96-4E92-AB77-C72A4D7DC72F}.Release|Any CPU.ActiveCfg = Release|Any CPU
		{278AF28F-9E96-4E92-AB77-C72A4D7DC72F}.Release|Any CPU.Build.0 = Release|Any CPU
	EndGlobalSection
	GlobalSection(SolutionProperties) = preSolution
		HideSolutionNode = FALSE
	EndGlobalSection
	GlobalSection(ExtensibilityGlobals) = postSolution
		SolutionGuid = {CF4CD711-5661-4A00-927C-BCC631B0A64C}
	EndGlobalSection
EndGlobal
